
Microsoft Visual Studio Solution File, Format Version 10.00
# Visual Studio 2008
Project("{FAE04EC0-301F-11D3-BF4B-00C04F79EFBC}") = "DV1L3001_ArchivageFichiersRdi", "DV1L3001_ArchivageFichiersRdi.csproj", "{FCCD5291-2F3F-49F2-9DBC-BCCB70211317}"
EndProject
Global
	GlobalSection(SourceCodeControl) = preSolution
		SccNumberOfProjects = 2
		SccLocalPath0 = .
		SccProjectUniqueName1 = DV1L3001_ArchivageFichiersRdi.csproj
		SccLocalPath1 = .
	EndGlobalSection
	GlobalSection(SolutionConfigurationPlatforms) = preSolution
		Debug|Any CPU = Debug|Any CPU
		Release|Any CPU = Release|Any CPU
	EndGlobalSection
	GlobalSection(ProjectConfigurationPlatforms) = postSolution
		{FCCD5291-2F3F-49F2-9DBC-BCCB70211317}.Debug|Any CPU.ActiveCfg = Debug|Any CPU
		{FCCD5291-2F3F-49F2-9DBC-BCCB70211317}.Debug|Any CPU.Build.0 = Debug|Any CPU
		{FCCD5291-2F3F-49F2-9DBC-BCCB70211317}.Release|Any CPU.ActiveCfg = Release|Any CPU
		{FCCD5291-2F3F-49F2-9DBC-BCCB70211317}.Release|Any CPU.Build.0 = Release|Any CPU
	EndGlobalSection
	GlobalSection(SolutionProperties) = preSolution
		HideSolutionNode = FALSE
	EndGlobalSection
EndGlobal
